
Microsoft Visual Studio Solution File, Format Version 12.00
# Visual Studio Version 17
VisualStudioVersion = 17.9.34622.214
MinimumVisualStudioVersion = 10.0.40219.1
Project("{FAE04EC0-301F-11D3-BF4B-00C04F79EFBC}") = "leson_11_dz_07_", "leson_11_dz_07_\leson_11_dz_07_.csproj", "{B5DDFC9C-26F0-4A68-B271-D1C39FF66679}"
EndProject
Global
	GlobalSection(SolutionConfigurationPlatforms) = preSolution
		Debug|Any CPU = Debug|Any CPU
		Release|Any CPU = Release|Any CPU
	EndGlobalSection
	GlobalSection(ProjectConfigurationPlatforms) = postSolution
		{B5DDFC9C-26F0-4A68-B271-D1C39FF66679}.Debug|Any CPU.ActiveCfg = Debug|Any CPU
		{B5DDFC9C-26F0-4A68-B271-D1C39FF66679}.Debug|Any CPU.Build.0 = Debug|Any CPU
		{B5DDFC9C-26F0-4A68-B271-D1C39FF66679}.Release|Any CPU.ActiveCfg = Release|Any CPU
		{B5DDFC9C-26F0-4A68-B271-D1C39FF66679}.Release|Any CPU.Build.0 = Release|Any CPU
	EndGlobalSection
	GlobalSection(SolutionProperties) = preSolution
		HideSolutionNode = FALSE
	EndGlobalSection
	GlobalSection(ExtensibilityGlobals) = postSolution
		SolutionGuid = {2809CD72-373C-49E3-8ED5-ABBE710476CF}
	EndGlobalSection
EndGlobal
